
Microsoft Visual Studio Solution File, Format Version 12.00
# Visual Studio 15
VisualStudioVersion = 15.0.28307.438
MinimumVisualStudioVersion = 10.0.40219.1
Project("{FAE04EC0-301F-11D3-BF4B-00C04F79EFBC}") = "OnBreak", "OnBreak\OnBreak.csproj", "{67AFA8A1-9357-467C-AB1A-7F2B41E4AE07}"
EndProject
Global
	GlobalSection(SolutionConfigurationPlatforms) = preSolution
		Debug|Any CPU = Debug|Any CPU
		Release|Any CPU = Release|Any CPU
	EndGlobalSection
	GlobalSection(ProjectConfigurationPlatforms) = postSolution
		{67AFA8A1-9357-467C-AB1A-7F2B41E4AE07}.Debug|Any CPU.ActiveCfg = Debug|Any CPU
		{67AFA8A1-9357-467C-AB1A-7F2B41E4AE07}.Debug|Any CPU.Build.0 = Debug|Any CPU
		{67AFA8A1-9357-467C-AB1A-7F2B41E4AE07}.Release|Any CPU.ActiveCfg = Release|Any CPU
		{67AFA8A1-9357-467C-AB1A-7F2B41E4AE07}.Release|Any CPU.Build.0 = Release|Any CPU
	EndGlobalSection
	GlobalSection(SolutionProperties) = preSolution
		HideSolutionNode = FALSE
	EndGlobalSection
	GlobalSection(ExtensibilityGlobals) = postSolution
		SolutionGuid = {26C7E7CF-CB92-4F69-9A0B-F3C182026671}
	EndGlobalSection
EndGlobal
